schema: '2.0'
stages:
  do_p4_s1:
    cmd: python do_stage_1.py
    deps:
    - path: ../project_3/artifact_of_stage_3.txt
      md5: 15a91465e3f247dd5f4e08befd1bd9e1
      size: 19
    outs:
    - path: artifact_of_stage_1.txt
      md5: e669cde80b790f3438ef22fe8f0d8c04
      size: 19
  do_p4_s2:
    cmd: python do_stage_2.py
    deps:
    - path: artifact_of_stage_1.txt
      md5: e669cde80b790f3438ef22fe8f0d8c04
      size: 19
    outs:
    - path: artifact_of_stage_2.txt
      md5: f320cb9d6fdb6f96b2afcb07fc81bb0a
      size: 19
  do_p4_s3:
    cmd: python do_stage_3.py
    deps:
    - path: artifact_of_stage_2.txt
      md5: f320cb9d6fdb6f96b2afcb07fc81bb0a
      size: 19
    outs:
    - path: artifact_of_stage_3.txt
      md5: 15a91465e3f247dd5f4e08befd1bd9e1
      size: 19
  do_p4_s4:
    cmd: python do_stage_4.py
    deps:
    - path: artifact_of_stage_3.txt
      md5: 15a91465e3f247dd5f4e08befd1bd9e1
      size: 19
    outs:
    - path: artifact_of_stage_4.txt
      md5: ce8ee5ccb9065c2f9074eee915dea4d7
      size: 19
